
Microsoft Visual Studio Solution File, Format Version 12.00
# Visual Studio Version 16
VisualStudioVersion = 16.0.30104.148
MinimumVisualStudioVersion = 10.0.40219.1
Project("{FAE04EC0-301F-11D3-BF4B-00C04F79EFBC}") = "SampleApp.Prism.Android", "SampleApp.Prism\SampleApp.Prism.Android\SampleApp.Prism.Android.csproj", "{49478BCC-402E-49B9-A28C-94DDB808FFCE}"
EndProject
Project("{FAE04EC0-301F-11D3-BF4B-00C04F79EFBC}") = "SampleApp.Prism.iOS", "SampleApp.Prism\SampleApp.Prism.iOS\SampleApp.Prism.iOS.csproj", "{500DCB06-4D90-4B85-B522-6160FA9E9C7A}"
EndProject
Project("{FAE04EC0-301F-11D3-BF4B-00C04F79EFBC}") = "SampleApp.Prism", "SampleApp.Prism\SampleApp.Prism\SampleApp.Prism.csproj", "{7F24F7A1-177E-49E6-86CB-4381E36FE54D}"
EndProject
Global
	GlobalSection(SolutionConfigurationPlatforms) = preSolution
		Debug|Any CPU = Debug|Any CPU
		Debug|iPhone = Debug|iPhone
		Debug|iPhoneSimulator = Debug|iPhoneSimulator
		Release|Any CPU = Release|Any CPU
		Release|iPhone = Release|iPhone
		Release|iPhoneSimulator = Release|iPhoneSimulator
	EndGlobalSection
	GlobalSection(ProjectConfigurationPlatforms) = postSolution
		{49478BCC-402E-49B9-A28C-94DDB808FFCE}.Debug|Any CPU.ActiveCfg = Debug|Any CPU
		{49478BCC-402E-49B9-A28C-94DDB808FFCE}.Debug|Any CPU.Build.0 = Debug|Any CPU
		{49478BCC-402E-49B9-A28C-94DDB808FFCE}.Debug|Any CPU.Deploy.0 = Debug|Any CPU
		{49478BCC-402E-49B9-A28C-94DDB808FFCE}.Debug|iPhone.ActiveCfg = Debug|Any CPU
		{49478BCC-402E-49B9-A28C-94DDB808FFCE}.Debug|iPhone.Build.0 = Debug|Any CPU
		{49478BCC-402E-49B9-A28C-94DDB808FFCE}.Debug|iPhone.Deploy.0 = Debug|Any CPU
		{49478BCC-402E-49B9-A28C-94DDB808FFCE}.Debug|iPhoneSimulator.ActiveCfg = Debug|Any CPU
		{49478BCC-402E-49B9-A28C-94DDB808FFCE}.Debug|iPhoneSimulator.Build.0 = Debug|Any CPU
		{49478BCC-402E-49B9-A28C-94DDB808FFCE}.Debug|iPhoneSimulator.Deploy.0 = Debug|Any CPU
		{49478BCC-402E-49B9-A28C-94DDB808FFCE}.Release|Any CPU.ActiveCfg = Release|Any CPU
		{49478BCC-402E-49B9-A28C-94DDB808FFCE}.Release|Any CPU.Build.0 = Release|Any CPU
		{49478BCC-402E-49B9-A28C-94DDB808FFCE}.Release|Any CPU.Deploy.0 = Release|Any CPU
		{49478BCC-402E-49B9-A28C-94DDB808FFCE}.Release|iPhone.ActiveCfg = Release|Any CPU
		{49478BCC-402E-49B9-A28C-94DDB808FFCE}.Release|iPhone.Build.0 = Release|Any CPU
		{49478BCC-402E-49B9-A28C-94DDB808FFCE}.Release|iPhone.Deploy.0 = Release|Any CPU
		{49478BCC-402E-49B9-A28C-94DDB808FFCE}.Release|iPhoneSimulator.ActiveCfg = Release|Any CPU
		{49478BCC-402E-49B9-A28C-94DDB808FFCE}.Release|iPhoneSimulator.Build.0 = Release|Any CPU
		{49478BCC-402E-49B9-A28C-94DDB808FFCE}.Release|iPhoneSimulator.Deploy.0 = Release|Any CPU
		{500DCB06-4D90-4B85-B522-6160FA9E9C7A}.Debug|Any CPU.ActiveCfg = Debug|iPhone
		{500DCB06-4D90-4B85-B522-6160FA9E9C7A}.Debug|Any CPU.Build.0 = Debug|iPhone
		{500DCB06-4D90-4B85-B522-6160FA9E9C7A}.Debug|Any CPU.Deploy.0 = Debug|iPhone
		{500DCB06-4D90-4B85-B522-6160FA9E9C7A}.Debug|iPhone.ActiveCfg = Debug|iPhone
		{500DCB06-4D90-4B85-B522-6160FA9E9C7A}.Debug|iPhone.Build.0 = Debug|iPhone
		{500DCB06-4D90-4B85-B522-6160FA9E9C7A}.Debug|iPhone.Deploy.0 = Debug|iPhone
		{500DCB06-4D90-4B85-B522-6160FA9E9C7A}.Debug|iPhoneSimulator.ActiveCfg = Debug|iPhoneSimulator
		{500DCB06-4D90-4B85-B522-6160FA9E9C7A}.Debug|iPhoneSimulator.Build.0 = Debug|iPhoneSimulator
		{500DCB06-4D90-4B85-B522-6160FA9E9C7A}.Debug|iPhoneSimulator.Deploy.0 = Debug|iPhoneSimulator
		{500DCB06-4D90-4B85-B522-6160FA9E9C7A}.Release|Any CPU.ActiveCfg = Release|iPhone
		{500DCB06-4D90-4B85-B522-6160FA9E9C7A}.Release|Any CPU.Build.0 = Release|iPhone
		{500DCB06-4D90-4B85-B522-6160FA9E9C7A}.Release|Any CPU.Deploy.0 = Release|iPhone
		{500DCB06-4D90-4B85-B522-6160FA9E9C7A}.Release|iPhone.ActiveCfg = Release|iPhone
		{500DCB06-4D90-4B85-B522-6160FA9E9C7A}.Release|iPhone.Build.0 = Release|iPhone
		{500DCB06-4D90-4B85-B522-6160FA9E9C7A}.Release|iPhone.Deploy.0 = Release|iPhone
		{500DCB06-4D90-4B85-B522-6160FA9E9C7A}.Release|iPhoneSimulator.ActiveCfg = Release|iPhoneSimulator
		{500DCB06-4D90-4B85-B522-6160FA9E9C7A}.Release|iPhoneSimulator.Build.0 = Release|iPhoneSimulator
		{500DCB06-4D90-4B85-B522-6160FA9E9C7A}.Release|iPhoneSimulator.Deploy.0 = Release|iPhoneSimulator
		{7F24F7A1-177E-49E6-86CB-4381E36FE54D}.Debug|Any CPU.ActiveCfg = Debug|Any CPU
		{7F24F7A1-177E-49E6-86CB-4381E36FE54D}.Debug|Any CPU.Build.0 = Debug|Any CPU
		{7F24F7A1-177E-49E6-86CB-4381E36FE54D}.Debug|Any CPU.Deploy.0 = Debug|Any CPU
		{7F24F7A1-177E-49E6-86CB-4381E36FE54D}.Debug|iPhone.ActiveCfg = Debug|Any CPU
		{7F24F7A1-177E-49E6-86CB-4381E36FE54D}.Debug|iPhone.Build.0 = Debug|Any CPU
		{7F24F7A1-177E-49E6-86CB-4381E36FE54D}.Debug|iPhone.Deploy.0 = Debug|Any CPU
		{7F24F7A1-177E-49E6-86CB-4381E36FE54D}.Debug|iPhoneSimulator.ActiveCfg = Debug|Any CPU
		{7F24F7A1-177E-49E6-86CB-4381E36FE54D}.Debug|iPhoneSimulator.Build.0 = Debug|Any CPU
		{7F24F7A1-177E-49E6-86CB-4381E36FE54D}.Debug|iPhoneSimulator.Deploy.0 = Debug|Any CPU
		{7F24F7A1-177E-49E6-86CB-4381E36FE54D}.Release|Any CPU.ActiveCfg = Release|Any CPU
		{7F24F7A1-177E-49E6-86CB-4381E36FE54D}.Release|Any CPU.Build.0 = Release|Any CPU
		{7F24F7A1-177E-49E6-86CB-4381E36FE54D}.Release|Any CPU.Deploy.0 = Release|Any CPU
		{7F24F7A1-177E-49E6-86CB-4381E36FE54D}.Release|iPhone.ActiveCfg = Release|Any CPU
		{7F24F7A1-177E-49E6-86CB-4381E36FE54D}.Release|iPhone.Build.0 = Release|Any CPU
		{7F24F7A1-177E-49E6-86CB-4381E36FE54D}.Release|iPhone.Deploy.0 = Release|Any CPU
		{7F24F7A1-177E-49E6-86CB-4381E36FE54D}.Release|iPhoneSimulator.ActiveCfg = Release|Any CPU
		{7F24F7A1-177E-49E6-86CB-4381E36FE54D}.Release|iPhoneSimulator.Build.0 = Release|Any CPU
		{7F24F7A1-177E-49E6-86CB-4381E36FE54D}.Release|iPhoneSimulator.Deploy.0 = Release|Any CPU
	EndGlobalSection
	GlobalSection(SolutionProperties) = preSolution
		HideSolutionNode = FALSE
	EndGlobalSection
	GlobalSection(ExtensibilityGlobals) = postSolution
		SolutionGuid = {C158CB5A-AD39-4047-A4F2-8ABCBB243DF6}
	EndGlobalSection
EndGlobal
